
Microsoft Visual Studio Solution File, Format Version 12.00
# Visual Studio Version 17
VisualStudioVersion = 17.12.35514.174 d17.12
MinimumVisualStudioVersion = 10.0.40219.1
Project("{2150E333-8FDC-42A3-9474-1A3956D46DE8}") = "Task0", "Task0", "{D0EF5E0B-01FA-40BD-9C80-96B876D6ACA4}"
EndProject
Project("{FAE04EC0-301F-11D3-BF4B-00C04F79EFBC}") = "Tyuiu.VumaR.Sprint4.Task0.V23", "Tyuiu.VumaR.Sprint4.Task0.V23\Tyuiu.VumaR.Sprint4.Task0.V23.csproj", "{300CF378-B364-4854-AB1F-9576114360C9}"
EndProject
Project("{FAE04EC0-301F-11D3-BF4B-00C04F79EFBC}") = "Tyuiu.VumaR.Sprint4.Task0.V23.Lib", "Tyuiu.VumaR.Sprint4.Task0.V23.Lib\Tyuiu.VumaR.Sprint4.Task0.V23.Lib.csproj", "{B2DCE360-A3BB-4B03-80CF-FEDF454FE77F}"
EndProject
Project("{FAE04EC0-301F-11D3-BF4B-00C04F79EFBC}") = "Tyuiu.VumaR.Sprint4.Task0.V23.Test", "Tyuiu.VumaR.Sprint4.Task0.V23.Test\Tyuiu.VumaR.Sprint4.Task0.V23.Test.csproj", "{6A46E490-D73F-45F9-B4DE-464DA7F8E638}"
EndProject
Project("{2150E333-8FDC-42A3-9474-1A3956D46DE8}") = "Task1", "Task1", "{D4D6A294-BCAF-4887-928F-B0224D898BF4}"
EndProject
Project("{FAE04EC0-301F-11D3-BF4B-00C04F79EFBC}") = "Tyuiu.VumaR.Sprint4.Task1.V22", "Tyuiu.VumaR.Sprint4.Task1.V22\Tyuiu.VumaR.Sprint4.Task1.V22.csproj", "{1CBEE08B-38C2-41DD-94E0-A37831676120}"
EndProject
Project("{FAE04EC0-301F-11D3-BF4B-00C04F79EFBC}") = "Tyuiu.VumaR.Sprint4.Task1.V22.Lib", "Tyuiu.VumaR.Sprint4.Task1.V22.Lib\Tyuiu.VumaR.Sprint4.Task1.V22.Lib.csproj", "{ACC6C6F9-C716-4315-A63D-B62CBBD7F399}"
EndProject
Project("{FAE04EC0-301F-11D3-BF4B-00C04F79EFBC}") = "Tyuiu.VumaR.Sprint4.Task1.V22.Test", "Tyuiu.VumaR.Sprint4.Task1.V22.Test\Tyuiu.VumaR.Sprint4.Task1.V22.Test.csproj", "{974556B3-1DC6-406D-9BF3-724220374168}"
EndProject
Project("{2150E333-8FDC-42A3-9474-1A3956D46DE8}") = "Task2", "Task2", "{0320E4E3-019F-45AB-ACA3-B44B8D1E86FE}"
EndProject
Project("{FAE04EC0-301F-11D3-BF4B-00C04F79EFBC}") = "Tyuiu.VumaR.Sprint4.Task2.V22", "Tyuiu.VumaR.Sprint4.Task2.V22\Tyuiu.VumaR.Sprint4.Task2.V22.csproj", "{18AEE94C-897D-42E7-9C3E-4903D91F4879}"
EndProject
Project("{FAE04EC0-301F-11D3-BF4B-00C04F79EFBC}") = "Tyuiu.VumaR.Sprint4.Task2.V22.Lib", "Tyuiu.VumaR.Sprint4.Task2.V22.Lib\Tyuiu.VumaR.Sprint4.Task2.V22.Lib.csproj", "{6A4DF0E5-9991-4D49-BA78-718F137DE9DF}"
EndProject
Project("{FAE04EC0-301F-11D3-BF4B-00C04F79EFBC}") = "Tyuiu.VumaR.Sprint4.Task2.V22.Test", "Tyuiu.VumaR.Sprint4.Task2.V22.Test\Tyuiu.VumaR.Sprint4.Task2.V22.Test.csproj", "{F5D2DC44-649F-4150-98E8-19EB5EA4FD56}"
EndProject
Project("{2150E333-8FDC-42A3-9474-1A3956D46DE8}") = "Task3", "Task3", "{C7FC6D14-91C2-465F-AA0E-1C779DD6EF2E}"
EndProject
Project("{FAE04EC0-301F-11D3-BF4B-00C04F79EFBC}") = "Tyuiu.VumaR.Sprint4.Task3.V11", "Tyuiu.VumaR.Sprint4.Task3.V11\Tyuiu.VumaR.Sprint4.Task3.V11.csproj", "{BC2B8E31-D20A-42D6-968C-C533F1AE2EA7}"
EndProject
Project("{FAE04EC0-301F-11D3-BF4B-00C04F79EFBC}") = "Tyuiu.VumaR.Sprint4.Task3.V11.Lib", "Tyuiu.VumaR.Sprint4.Task3.V11.Lib\Tyuiu.VumaR.Sprint4.Task3.V11.Lib.csproj", "{6CFBC561-DD59-4EFE-81C9-20F498CEA1D2}"
EndProject
Project("{FAE04EC0-301F-11D3-BF4B-00C04F79EFBC}") = "Tyuiu.VumaR.Sprint4.Task3.V11.Test", "Tyuiu.VumaR.Sprint4.Task3.V11.Test\Tyuiu.VumaR.Sprint4.Task3.V11.Test.csproj", "{B9DB37E8-3A38-49D2-8338-87FD40732DCD}"
EndProject
Global
	GlobalSection(SolutionConfigurationPlatforms) = preSolution
		Debug|Any CPU = Debug|Any CPU
		Release|Any CPU = Release|Any CPU
	EndGlobalSection
	GlobalSection(ProjectConfigurationPlatforms) = postSolution
		{300CF378-B364-4854-AB1F-9576114360C9}.Debug|Any CPU.ActiveCfg = Debug|Any CPU
		{300CF378-B364-4854-AB1F-9576114360C9}.Debug|Any CPU.Build.0 = Debug|Any CPU
		{300CF378-B364-4854-AB1F-9576114360C9}.Release|Any CPU.ActiveCfg = Release|Any CPU
		{300CF378-B364-4854-AB1F-9576114360C9}.Release|Any CPU.Build.0 = Release|Any CPU
		{B2DCE360-A3BB-4B03-80CF-FEDF454FE77F}.Debug|Any CPU.ActiveCfg = Debug|Any CPU
		{B2DCE360-A3BB-4B03-80CF-FEDF454FE77F}.Debug|Any CPU.Build.0 = Debug|Any CPU
		{B2DCE360-A3BB-4B03-80CF-FEDF454FE77F}.Release|Any CPU.ActiveCfg = Release|Any CPU
		{B2DCE360-A3BB-4B03-80CF-FEDF454FE77F}.Release|Any CPU.Build.0 = Release|Any CPU
		{6A46E490-D73F-45F9-B4DE-464DA7F8E638}.Debug|Any CPU.ActiveCfg = Debug|Any CPU
		{6A46E490-D73F-45F9-B4DE-464DA7F8E638}.Debug|Any CPU.Build.0 = Debug|Any CPU
		{6A46E490-D73F-45F9-B4DE-464DA7F8E638}.Release|Any CPU.ActiveCfg = Release|Any CPU
		{6A46E490-D73F-45F9-B4DE-464DA7F8E638}.Release|Any CPU.Build.0 = Release|Any CPU
		{1CBEE08B-38C2-41DD-94E0-A37831676120}.Debug|Any CPU.ActiveCfg = Debug|Any CPU
		{1CBEE08B-38C2-41DD-94E0-A37831676120}.Debug|Any CPU.Build.0 = Debug|Any CPU
		{1CBEE08B-38C2-41DD-94E0-A37831676120}.Release|Any CPU.ActiveCfg = Release|Any CPU
		{1CBEE08B-38C2-41DD-94E0-A37831676120}.Release|Any CPU.Build.0 = Release|Any CPU
		{ACC6C6F9-C716-4315-A63D-B62CBBD7F399}.Debug|Any CPU.ActiveCfg = Debug|Any CPU
		{ACC6C6F9-C716-4315-A63D-B62CBBD7F399}.Debug|Any CPU.Build.0 = Debug|Any CPU
		{ACC6C6F9-C716-4315-A63D-B62CBBD7F399}.Release|Any CPU.ActiveCfg = Release|Any CPU
		{ACC6C6F9-C716-4315-A63D-B62CBBD7F399}.Release|Any CPU.Build.0 = Release|Any CPU
		{974556B3-1DC6-406D-9BF3-724220374168}.Debug|Any CPU.ActiveCfg = Debug|Any CPU
		{974556B3-1DC6-406D-9BF3-724220374168}.Debug|Any CPU.Build.0 = Debug|Any CPU
		{974556B3-1DC6-406D-9BF3-724220374168}.Release|Any CPU.ActiveCfg = Release|Any CPU
		{974556B3-1DC6-406D-9BF3-724220374168}.Release|Any CPU.Build.0 = Release|Any CPU
		{18AEE94C-897D-42E7-9C3E-4903D91F4879}.Debug|Any CPU.ActiveCfg = Debug|Any CPU
		{18AEE94C-897D-42E7-9C3E-4903D91F4879}.Debug|Any CPU.Build.0 = Debug|Any CPU
		{18AEE94C-897D-42E7-9C3E-4903D91F4879}.Release|Any CPU.ActiveCfg = Release|Any CPU
		{18AEE94C-897D-42E7-9C3E-4903D91F4879}.Release|Any CPU.Build.0 = Release|Any CPU
		{6A4DF0E5-9991-4D49-BA78-718F137DE9DF}.Debug|Any CPU.ActiveCfg = Debug|Any CPU
		{6A4DF0E5-9991-4D49-BA78-718F137DE9DF}.Debug|Any CPU.Build.0 = Debug|Any CPU
		{6A4DF0E5-9991-4D49-BA78-718F137DE9DF}.Release|Any CPU.ActiveCfg = Release|Any CPU
		{6A4DF0E5-9991-4D49-BA78-718F137DE9DF}.Release|Any CPU.Build.0 = Release|Any CPU
		{F5D2DC44-649F-4150-98E8-19EB5EA4FD56}.Debug|Any CPU.ActiveCfg = Debug|Any CPU
		{F5D2DC44-649F-4150-98E8-19EB5EA4FD56}.Debug|Any CPU.Build.0 = Debug|Any CPU
		{F5D2DC44-649F-4150-98E8-19EB5EA4FD56}.Release|Any CPU.ActiveCfg = Release|Any CPU
		{F5D2DC44-649F-4150-98E8-19EB5EA4FD56}.Release|Any CPU.Build.0 = Release|Any CPU
		{BC2B8E31-D20A-42D6-968C-C533F1AE2EA7}.Debug|Any CPU.ActiveCfg = Debug|Any CPU
		{BC2B8E31-D20A-42D6-968C-C533F1AE2EA7}.Debug|Any CPU.Build.0 = Debug|Any CPU
		{BC2B8E31-D20A-42D6-968C-C533F1AE2EA7}.Release|Any CPU.ActiveCfg = Release|Any CPU
		{BC2B8E31-D20A-42D6-968C-C533F1AE2EA7}.Release|Any CPU.Build.0 = Release|Any CPU
		{6CFBC561-DD59-4EFE-81C9-20F498CEA1D2}.Debug|Any CPU.ActiveCfg = Debug|Any CPU
		{6CFBC561-DD59-4EFE-81C9-20F498CEA1D2}.Debug|Any CPU.Build.0 = Debug|Any CPU
		{6CFBC561-DD59-4EFE-81C9-20F498CEA1D2}.Release|Any CPU.ActiveCfg = Release|Any CPU
		{6CFBC561-DD59-4EFE-81C9-20F498CEA1D2}.Release|Any CPU.Build.0 = Release|Any CPU
		{B9DB37E8-3A38-49D2-8338-87FD40732DCD}.Debug|Any CPU.ActiveCfg = Debug|Any CPU
		{B9DB37E8-3A38-49D2-8338-87FD40732DCD}.Debug|Any CPU.Build.0 = Debug|Any CPU
		{B9DB37E8-3A38-49D2-8338-87FD40732DCD}.Release|Any CPU.ActiveCfg = Release|Any CPU
		{B9DB37E8-3A38-49D2-8338-87FD40732DCD}.Release|Any CPU.Build.0 = Release|Any CPU
	EndGlobalSection
	GlobalSection(SolutionProperties) = preSolution
		HideSolutionNode = FALSE
	EndGlobalSection
	GlobalSection(NestedProjects) = preSolution
		{300CF378-B364-4854-AB1F-9576114360C9} = {D0EF5E0B-01FA-40BD-9C80-96B876D6ACA4}
		{B2DCE360-A3BB-4B03-80CF-FEDF454FE77F} = {D0EF5E0B-01FA-40BD-9C80-96B876D6ACA4}
		{6A46E490-D73F-45F9-B4DE-464DA7F8E638} = {D0EF5E0B-01FA-40BD-9C80-96B876D6ACA4}
		{1CBEE08B-38C2-41DD-94E0-A37831676120} = {D4D6A294-BCAF-4887-928F-B0224D898BF4}
		{ACC6C6F9-C716-4315-A63D-B62CBBD7F399} = {D4D6A294-BCAF-4887-928F-B0224D898BF4}
		{974556B3-1DC6-406D-9BF3-724220374168} = {D4D6A294-BCAF-4887-928F-B0224D898BF4}
		{18AEE94C-897D-42E7-9C3E-4903D91F4879} = {0320E4E3-019F-45AB-ACA3-B44B8D1E86FE}
		{6A4DF0E5-9991-4D49-BA78-718F137DE9DF} = {0320E4E3-019F-45AB-ACA3-B44B8D1E86FE}
		{F5D2DC44-649F-4150-98E8-19EB5EA4FD56} = {0320E4E3-019F-45AB-ACA3-B44B8D1E86FE}
		{BC2B8E31-D20A-42D6-968C-C533F1AE2EA7} = {C7FC6D14-91C2-465F-AA0E-1C779DD6EF2E}
		{6CFBC561-DD59-4EFE-81C9-20F498CEA1D2} = {C7FC6D14-91C2-465F-AA0E-1C779DD6EF2E}
		{B9DB37E8-3A38-49D2-8338-87FD40732DCD} = {C7FC6D14-91C2-465F-AA0E-1C779DD6EF2E}
	EndGlobalSection
EndGlobal
