
Microsoft Visual Studio Solution File, Format Version 12.00
# Visual Studio Version 17
VisualStudioVersion = 17.12.35514.174 d17.12
MinimumVisualStudioVersion = 10.0.40219.1
Project("{2150E333-8FDC-42A3-9474-1A3956D46DE8}") = "Task0", "Task0", "{D0EF5E0B-01FA-40BD-9C80-96B876D6ACA4}"
EndProject
Project("{FAE04EC0-301F-11D3-BF4B-00C04F79EFBC}") = "Tyuiu.VumaR.Sprint4.Task0.V23", "Tyuiu.VumaR.Sprint4.Task0.V23\Tyuiu.VumaR.Sprint4.Task0.V23.csproj", "{300CF378-B364-4854-AB1F-9576114360C9}"
EndProject
Project("{FAE04EC0-301F-11D3-BF4B-00C04F79EFBC}") = "Tyuiu.VumaR.Sprint4.Task0.V23.Lib", "Tyuiu.VumaR.Sprint4.Task0.V23.Lib\Tyuiu.VumaR.Sprint4.Task0.V23.Lib.csproj", "{B2DCE360-A3BB-4B03-80CF-FEDF454FE77F}"
EndProject
Project("{FAE04EC0-301F-11D3-BF4B-00C04F79EFBC}") = "Tyuiu.VumaR.Sprint4.Task0.V23.Test", "Tyuiu.VumaR.Sprint4.Task0.V23.Test\Tyuiu.VumaR.Sprint4.Task0.V23.Test.csproj", "{6A46E490-D73F-45F9-B4DE-464DA7F8E638}"
EndProject
Project("{2150E333-8FDC-42A3-9474-1A3956D46DE8}") = "Task1", "Task1", "{D4D6A294-BCAF-4887-928F-B0224D898BF4}"
EndProject
Project("{FAE04EC0-301F-11D3-BF4B-00C04F79EFBC}") = "Tyuiu.VumaR.Sprint4.Task1.V22", "Tyuiu.VumaR.Sprint4.Task1.V22\Tyuiu.VumaR.Sprint4.Task1.V22.csproj", "{1CBEE08B-38C2-41DD-94E0-A37831676120}"
EndProject
Project("{FAE04EC0-301F-11D3-BF4B-00C04F79EFBC}") = "Tyuiu.VumaR.Sprint4.Task1.V22.Lib", "Tyuiu.VumaR.Sprint4.Task1.V22.Lib\Tyuiu.VumaR.Sprint4.Task1.V22.Lib.csproj", "{ACC6C6F9-C716-4315-A63D-B62CBBD7F399}"
EndProject
Project("{FAE04EC0-301F-11D3-BF4B-00C04F79EFBC}") = "Tyuiu.VumaR.Sprint4.Task1.V22.Test", "Tyuiu.VumaR.Sprint4.Task1.V22.Test\Tyuiu.VumaR.Sprint4.Task1.V22.Test.csproj", "{974556B3-1DC6-406D-9BF3-724220374168}"
EndProject
Project("{2150E333-8FDC-42A3-9474-1A3956D46DE8}") = "Task2", "Task2", "{0320E4E3-019F-45AB-ACA3-B44B8D1E86FE}"
EndProject
Project("{FAE04EC0-301F-11D3-BF4B-00C04F79EFBC}") = "Tyuiu.VumaR.Sprint4.Task2.V22", "Tyuiu.VumaR.Sprint4.Task2.V22\Tyuiu.VumaR.Sprint4.Task2.V22.csproj", "{18AEE94C-897D-42E7-9C3E-4903D91F4879}"
EndProject
Project("{FAE04EC0-301F-11D3-BF4B-00C04F79EFBC}") = "Tyuiu.VumaR.Sprint4.Task2.V22.Lib", "Tyuiu.VumaR.Sprint4.Task2.V22.Lib\Tyuiu.VumaR.Sprint4.Task2.V22.Lib.csproj", "{6A4DF0E5-9991-4D49-BA78-718F137DE9DF}"
EndProject
Project("{FAE04EC0-301F-11D3-BF4B-00C04F79EFBC}") = "Tyuiu.VumaR.Sprint4.Task2.V22.Test", "Tyuiu.VumaR.Sprint4.Task2.V22.Test\Tyuiu.VumaR.Sprint4.Task2.V22.Test.csproj", "{F5D2DC44-649F-4150-98E8-19EB5EA4FD56}"
EndProject
Project("{2150E333-8FDC-42A3-9474-1A3956D46DE8}") = "Task3", "Task3", "{C7FC6D14-91C2-465F-AA0E-1C779DD6EF2E}"
EndProject
Project("{FAE04EC0-301F-11D3-BF4B-00C04F79EFBC}") = "Tyuiu.VumaR.Sprint4.Task3.V11", "Tyuiu.VumaR.Sprint4.Task3.V11\Tyuiu.VumaR.Sprint4.Task3.V11.csproj", "{BC2B8E31-D20A-42D6-968C-C533F1AE2EA7}"
EndProject
Project("{FAE04EC0-301F-11D3-BF4B-00C04F79EFBC}") = "Tyuiu.VumaR.Sprint4.Task3.V11.Lib", "Tyuiu.VumaR.Sprint4.Task3.V11.Lib\Tyuiu.VumaR.Sprint4.Task3.V11.Lib.csproj", "{6CFBC561-DD59-4EFE-81C9-20F498CEA1D2}"
EndProject
Project("{FAE04EC0-301F-11D3-BF4B-00C04F79EFBC}") = "Tyuiu.VumaR.Sprint4.Task3.V11.Test", "Tyuiu.VumaR.Sprint4.Task3.V11.Test\Tyuiu.VumaR.Sprint4.Task3.V11.Test.csproj", "{B9DB37E8-3A38-49D2-8338-87FD40732DCD}"
EndProject
Project("{2150E333-8FDC-42A3-9474-1A3956D46DE8}") = "Task4", "Task4", "{42A93CC2-2D97-47BC-BE46-DE42041DCE02}"
EndProject
Project("{FAE04EC0-301F-11D3-BF4B-00C04F79EFBC}") = "Tyuiu.VumaR.Sprint4.Task4.V10", "Tyuiu.VumaR.Sprint4.Task4.V10\Tyuiu.VumaR.Sprint4.Task4.V10.csproj", "{51B0699D-D587-47E1-AB7F-B40FFE12F5F3}"
EndProject
Project("{FAE04EC0-301F-11D3-BF4B-00C04F79EFBC}") = "Tyuiu.VumaR.Sprint4.Task4.V10.Lib", "Tyuiu.VumaR.Sprint4.Task4.V10.Lib\Tyuiu.VumaR.Sprint4.Task4.V10.Lib.csproj", "{FF33AB4F-0E47-4684-BF91-237B736C6236}"
EndProject
Project("{FAE04EC0-301F-11D3-BF4B-00C04F79EFBC}") = "Tyuiu.VumaR.Sprint4.Task4.V10.Test", "Tyuiu.VumaR.Sprint4.Task4.V10.Test\Tyuiu.VumaR.Sprint4.Task4.V10.Test.csproj", "{859A1832-2BF0-4DBD-BACD-3B41D323116D}"
EndProject
Project("{2150E333-8FDC-42A3-9474-1A3956D46DE8}") = "Task5", "Task5", "{A77B5D06-A543-4433-BFF5-CA481A1F2B5E}"
EndProject
Project("{FAE04EC0-301F-11D3-BF4B-00C04F79EFBC}") = "Tyuiu.VumaR.Sprint4.Task5.V30", "Tyuiu.VumaR.Sprint4.Task5.V30\Tyuiu.VumaR.Sprint4.Task5.V30.csproj", "{92C3F5DE-16A4-4AF5-9365-AB407EF12F0F}"
EndProject
Project("{FAE04EC0-301F-11D3-BF4B-00C04F79EFBC}") = "Tyuiu.VumaR.Sprint4.Task5.V30.Lib", "Tyuiu.VumaR.Sprint4.Task5.V30.Lib\Tyuiu.VumaR.Sprint4.Task5.V30.Lib.csproj", "{1BEA0B38-A947-477B-81E7-6CB2DC6411EF}"
EndProject
Project("{FAE04EC0-301F-11D3-BF4B-00C04F79EFBC}") = "Tyuiu.VumaR.Sprint4.Task5.V30.Test", "Tyuiu.VumaR.Sprint4.Task5.V30.Test\Tyuiu.VumaR.Sprint4.Task5.V30.Test.csproj", "{CAE0259B-FA18-4E3E-A628-063F2B2B04ED}"
EndProject
Project("{2150E333-8FDC-42A3-9474-1A3956D46DE8}") = "Task6", "Task6", "{DC757F1D-E0B8-47C4-BD9D-F768A3FCD79B}"
EndProject
Project("{FAE04EC0-301F-11D3-BF4B-00C04F79EFBC}") = "Tyuiu.VumaR.Sprint4.Task6.V21", "Tyuiu.VumaR.Sprint4.Task6.V21\Tyuiu.VumaR.Sprint4.Task6.V21.csproj", "{E24CD5E6-0263-4D54-8502-EA930F428E0C}"
EndProject
Project("{FAE04EC0-301F-11D3-BF4B-00C04F79EFBC}") = "Tyuiu.VumaR.Sprint4.Task6.V21.Lib", "Tyuiu.VumaR.Sprint4.Task6.V21.Lib\Tyuiu.VumaR.Sprint4.Task6.V21.Lib.csproj", "{3DB90CFC-EE35-416B-85A3-8D57C60766F9}"
EndProject
Project("{FAE04EC0-301F-11D3-BF4B-00C04F79EFBC}") = "Tyuiu.VumaR.Sprint4.Task6.V21.Test", "Tyuiu.VumaR.Sprint4.Task6.V21.Test\Tyuiu.VumaR.Sprint4.Task6.V21.Test.csproj", "{D4AABAAB-2FBE-41C6-B073-A86E74F9856B}"
EndProject
Project("{2150E333-8FDC-42A3-9474-1A3956D46DE8}") = "Task7", "Task7", "{E1FB7A47-F987-4F4B-820A-33755F52079A}"
EndProject
Project("{FAE04EC0-301F-11D3-BF4B-00C04F79EFBC}") = "Tyuiu.VumaR.Sprint4.Task7.V20", "Tyuiu.VumaR.Sprint4.Task7.V20\Tyuiu.VumaR.Sprint4.Task7.V20.csproj", "{CEC33CAB-DFA6-48B4-A5F1-A47F96BC0797}"
EndProject
Project("{FAE04EC0-301F-11D3-BF4B-00C04F79EFBC}") = "Tyuiu.VumaR.Sprint4.Task7.V20.Lib", "Tyuiu.VumaR.Sprint4.Task7.V20.Lib\Tyuiu.VumaR.Sprint4.Task7.V20.Lib.csproj", "{EE7D0CA1-15B8-487D-86C5-221DB9C3E40A}"
EndProject
Project("{FAE04EC0-301F-11D3-BF4B-00C04F79EFBC}") = "Tyuiu.VumaR.Sprint4.Task7.V20.Test", "Tyuiu.VumaR.Sprint4.Task7.V20.Test\Tyuiu.VumaR.Sprint4.Task7.V20.Test.csproj", "{7F81EFA4-20BA-4E57-AC2F-B75954678516}"
EndProject
Global
	GlobalSection(SolutionConfigurationPlatforms) = preSolution
		Debug|Any CPU = Debug|Any CPU
		Release|Any CPU = Release|Any CPU
	EndGlobalSection
	GlobalSection(ProjectConfigurationPlatforms) = postSolution
		{300CF378-B364-4854-AB1F-9576114360C9}.Debug|Any CPU.ActiveCfg = Debug|Any CPU
		{300CF378-B364-4854-AB1F-9576114360C9}.Debug|Any CPU.Build.0 = Debug|Any CPU
		{300CF378-B364-4854-AB1F-9576114360C9}.Release|Any CPU.ActiveCfg = Release|Any CPU
		{300CF378-B364-4854-AB1F-9576114360C9}.Release|Any CPU.Build.0 = Release|Any CPU
		{B2DCE360-A3BB-4B03-80CF-FEDF454FE77F}.Debug|Any CPU.ActiveCfg = Debug|Any CPU
		{B2DCE360-A3BB-4B03-80CF-FEDF454FE77F}.Debug|Any CPU.Build.0 = Debug|Any CPU
		{B2DCE360-A3BB-4B03-80CF-FEDF454FE77F}.Release|Any CPU.ActiveCfg = Release|Any CPU
		{B2DCE360-A3BB-4B03-80CF-FEDF454FE77F}.Release|Any CPU.Build.0 = Release|Any CPU
		{6A46E490-D73F-45F9-B4DE-464DA7F8E638}.Debug|Any CPU.ActiveCfg = Debug|Any CPU
		{6A46E490-D73F-45F9-B4DE-464DA7F8E638}.Debug|Any CPU.Build.0 = Debug|Any CPU
		{6A46E490-D73F-45F9-B4DE-464DA7F8E638}.Release|Any CPU.ActiveCfg = Release|Any CPU
		{6A46E490-D73F-45F9-B4DE-464DA7F8E638}.Release|Any CPU.Build.0 = Release|Any CPU
		{1CBEE08B-38C2-41DD-94E0-A37831676120}.Debug|Any CPU.ActiveCfg = Debug|Any CPU
		{1CBEE08B-38C2-41DD-94E0-A37831676120}.Debug|Any CPU.Build.0 = Debug|Any CPU
		{1CBEE08B-38C2-41DD-94E0-A37831676120}.Release|Any CPU.ActiveCfg = Release|Any CPU
		{1CBEE08B-38C2-41DD-94E0-A37831676120}.Release|Any CPU.Build.0 = Release|Any CPU
		{ACC6C6F9-C716-4315-A63D-B62CBBD7F399}.Debug|Any CPU.ActiveCfg = Debug|Any CPU
		{ACC6C6F9-C716-4315-A63D-B62CBBD7F399}.Debug|Any CPU.Build.0 = Debug|Any CPU
		{ACC6C6F9-C716-4315-A63D-B62CBBD7F399}.Release|Any CPU.ActiveCfg = Release|Any CPU
		{ACC6C6F9-C716-4315-A63D-B62CBBD7F399}.Release|Any CPU.Build.0 = Release|Any CPU
		{974556B3-1DC6-406D-9BF3-724220374168}.Debug|Any CPU.ActiveCfg = Debug|Any CPU
		{974556B3-1DC6-406D-9BF3-724220374168}.Debug|Any CPU.Build.0 = Debug|Any CPU
		{974556B3-1DC6-406D-9BF3-724220374168}.Release|Any CPU.ActiveCfg = Release|Any CPU
		{974556B3-1DC6-406D-9BF3-724220374168}.Release|Any CPU.Build.0 = Release|Any CPU
		{18AEE94C-897D-42E7-9C3E-4903D91F4879}.Debug|Any CPU.ActiveCfg = Debug|Any CPU
		{18AEE94C-897D-42E7-9C3E-4903D91F4879}.Debug|Any CPU.Build.0 = Debug|Any CPU
		{18AEE94C-897D-42E7-9C3E-4903D91F4879}.Release|Any CPU.ActiveCfg = Release|Any CPU
		{18AEE94C-897D-42E7-9C3E-4903D91F4879}.Release|Any CPU.Build.0 = Release|Any CPU
		{6A4DF0E5-9991-4D49-BA78-718F137DE9DF}.Debug|Any CPU.ActiveCfg = Debug|Any CPU
		{6A4DF0E5-9991-4D49-BA78-718F137DE9DF}.Debug|Any CPU.Build.0 = Debug|Any CPU
		{6A4DF0E5-9991-4D49-BA78-718F137DE9DF}.Release|Any CPU.ActiveCfg = Release|Any CPU
		{6A4DF0E5-9991-4D49-BA78-718F137DE9DF}.Release|Any CPU.Build.0 = Release|Any CPU
		{F5D2DC44-649F-4150-98E8-19EB5EA4FD56}.Debug|Any CPU.ActiveCfg = Debug|Any CPU
		{F5D2DC44-649F-4150-98E8-19EB5EA4FD56}.Debug|Any CPU.Build.0 = Debug|Any CPU
		{F5D2DC44-649F-4150-98E8-19EB5EA4FD56}.Release|Any CPU.ActiveCfg = Release|Any CPU
		{F5D2DC44-649F-4150-98E8-19EB5EA4FD56}.Release|Any CPU.Build.0 = Release|Any CPU
		{BC2B8E31-D20A-42D6-968C-C533F1AE2EA7}.Debug|Any CPU.ActiveCfg = Debug|Any CPU
		{BC2B8E31-D20A-42D6-968C-C533F1AE2EA7}.Debug|Any CPU.Build.0 = Debug|Any CPU
		{BC2B8E31-D20A-42D6-968C-C533F1AE2EA7}.Release|Any CPU.ActiveCfg = Release|Any CPU
		{BC2B8E31-D20A-42D6-968C-C533F1AE2EA7}.Release|Any CPU.Build.0 = Release|Any CPU
		{6CFBC561-DD59-4EFE-81C9-20F498CEA1D2}.Debug|Any CPU.ActiveCfg = Debug|Any CPU
		{6CFBC561-DD59-4EFE-81C9-20F498CEA1D2}.Debug|Any CPU.Build.0 = Debug|Any CPU
		{6CFBC561-DD59-4EFE-81C9-20F498CEA1D2}.Release|Any CPU.ActiveCfg = Release|Any CPU
		{6CFBC561-DD59-4EFE-81C9-20F498CEA1D2}.Release|Any CPU.Build.0 = Release|Any CPU
		{B9DB37E8-3A38-49D2-8338-87FD40732DCD}.Debug|Any CPU.ActiveCfg = Debug|Any CPU
		{B9DB37E8-3A38-49D2-8338-87FD40732DCD}.Debug|Any CPU.Build.0 = Debug|Any CPU
		{B9DB37E8-3A38-49D2-8338-87FD40732DCD}.Release|Any CPU.ActiveCfg = Release|Any CPU
		{B9DB37E8-3A38-49D2-8338-87FD40732DCD}.Release|Any CPU.Build.0 = Release|Any CPU
		{51B0699D-D587-47E1-AB7F-B40FFE12F5F3}.Debug|Any CPU.ActiveCfg = Debug|Any CPU
		{51B0699D-D587-47E1-AB7F-B40FFE12F5F3}.Debug|Any CPU.Build.0 = Debug|Any CPU
		{51B0699D-D587-47E1-AB7F-B40FFE12F5F3}.Release|Any CPU.ActiveCfg = Release|Any CPU
		{51B0699D-D587-47E1-AB7F-B40FFE12F5F3}.Release|Any CPU.Build.0 = Release|Any CPU
		{FF33AB4F-0E47-4684-BF91-237B736C6236}.Debug|Any CPU.ActiveCfg = Debug|Any CPU
		{FF33AB4F-0E47-4684-BF91-237B736C6236}.Debug|Any CPU.Build.0 = Debug|Any CPU
		{FF33AB4F-0E47-4684-BF91-237B736C6236}.Release|Any CPU.ActiveCfg = Release|Any CPU
		{FF33AB4F-0E47-4684-BF91-237B736C6236}.Release|Any CPU.Build.0 = Release|Any CPU
		{859A1832-2BF0-4DBD-BACD-3B41D323116D}.Debug|Any CPU.ActiveCfg = Debug|Any CPU
		{859A1832-2BF0-4DBD-BACD-3B41D323116D}.Debug|Any CPU.Build.0 = Debug|Any CPU
		{859A1832-2BF0-4DBD-BACD-3B41D323116D}.Release|Any CPU.ActiveCfg = Release|Any CPU
		{859A1832-2BF0-4DBD-BACD-3B41D323116D}.Release|Any CPU.Build.0 = Release|Any CPU
		{92C3F5DE-16A4-4AF5-9365-AB407EF12F0F}.Debug|Any CPU.ActiveCfg = Debug|Any CPU
		{92C3F5DE-16A4-4AF5-9365-AB407EF12F0F}.Debug|Any CPU.Build.0 = Debug|Any CPU
		{92C3F5DE-16A4-4AF5-9365-AB407EF12F0F}.Release|Any CPU.ActiveCfg = Release|Any CPU
		{92C3F5DE-16A4-4AF5-9365-AB407EF12F0F}.Release|Any CPU.Build.0 = Release|Any CPU
		{1BEA0B38-A947-477B-81E7-6CB2DC6411EF}.Debug|Any CPU.ActiveCfg = Debug|Any CPU
		{1BEA0B38-A947-477B-81E7-6CB2DC6411EF}.Debug|Any CPU.Build.0 = Debug|Any CPU
		{1BEA0B38-A947-477B-81E7-6CB2DC6411EF}.Release|Any CPU.ActiveCfg = Release|Any CPU
		{1BEA0B38-A947-477B-81E7-6CB2DC6411EF}.Release|Any CPU.Build.0 = Release|Any CPU
		{CAE0259B-FA18-4E3E-A628-063F2B2B04ED}.Debug|Any CPU.ActiveCfg = Debug|Any CPU
		{CAE0259B-FA18-4E3E-A628-063F2B2B04ED}.Debug|Any CPU.Build.0 = Debug|Any CPU
		{CAE0259B-FA18-4E3E-A628-063F2B2B04ED}.Release|Any CPU.ActiveCfg = Release|Any CPU
		{CAE0259B-FA18-4E3E-A628-063F2B2B04ED}.Release|Any CPU.Build.0 = Release|Any CPU
		{E24CD5E6-0263-4D54-8502-EA930F428E0C}.Debug|Any CPU.ActiveCfg = Debug|Any CPU
		{E24CD5E6-0263-4D54-8502-EA930F428E0C}.Debug|Any CPU.Build.0 = Debug|Any CPU
		{E24CD5E6-0263-4D54-8502-EA930F428E0C}.Release|Any CPU.ActiveCfg = Release|Any CPU
		{E24CD5E6-0263-4D54-8502-EA930F428E0C}.Release|Any CPU.Build.0 = Release|Any CPU
		{3DB90CFC-EE35-416B-85A3-8D57C60766F9}.Debug|Any CPU.ActiveCfg = Debug|Any CPU
		{3DB90CFC-EE35-416B-85A3-8D57C60766F9}.Debug|Any CPU.Build.0 = Debug|Any CPU
		{3DB90CFC-EE35-416B-85A3-8D57C60766F9}.Release|Any CPU.ActiveCfg = Release|Any CPU
		{3DB90CFC-EE35-416B-85A3-8D57C60766F9}.Release|Any CPU.Build.0 = Release|Any CPU
		{D4AABAAB-2FBE-41C6-B073-A86E74F9856B}.Debug|Any CPU.ActiveCfg = Debug|Any CPU
		{D4AABAAB-2FBE-41C6-B073-A86E74F9856B}.Debug|Any CPU.Build.0 = Debug|Any CPU
		{D4AABAAB-2FBE-41C6-B073-A86E74F9856B}.Release|Any CPU.ActiveCfg = Release|Any CPU
		{D4AABAAB-2FBE-41C6-B073-A86E74F9856B}.Release|Any CPU.Build.0 = Release|Any CPU
		{CEC33CAB-DFA6-48B4-A5F1-A47F96BC0797}.Debug|Any CPU.ActiveCfg = Debug|Any CPU
		{CEC33CAB-DFA6-48B4-A5F1-A47F96BC0797}.Debug|Any CPU.Build.0 = Debug|Any CPU
		{CEC33CAB-DFA6-48B4-A5F1-A47F96BC0797}.Release|Any CPU.ActiveCfg = Release|Any CPU
		{CEC33CAB-DFA6-48B4-A5F1-A47F96BC0797}.Release|Any CPU.Build.0 = Release|Any CPU
		{EE7D0CA1-15B8-487D-86C5-221DB9C3E40A}.Debug|Any CPU.ActiveCfg = Debug|Any CPU
		{EE7D0CA1-15B8-487D-86C5-221DB9C3E40A}.Debug|Any CPU.Build.0 = Debug|Any CPU
		{EE7D0CA1-15B8-487D-86C5-221DB9C3E40A}.Release|Any CPU.ActiveCfg = Release|Any CPU
		{EE7D0CA1-15B8-487D-86C5-221DB9C3E40A}.Release|Any CPU.Build.0 = Release|Any CPU
		{7F81EFA4-20BA-4E57-AC2F-B75954678516}.Debug|Any CPU.ActiveCfg = Debug|Any CPU
		{7F81EFA4-20BA-4E57-AC2F-B75954678516}.Debug|Any CPU.Build.0 = Debug|Any CPU
		{7F81EFA4-20BA-4E57-AC2F-B75954678516}.Release|Any CPU.ActiveCfg = Release|Any CPU
		{7F81EFA4-20BA-4E57-AC2F-B75954678516}.Release|Any CPU.Build.0 = Release|Any CPU
	EndGlobalSection
	GlobalSection(SolutionProperties) = preSolution
		HideSolutionNode = FALSE
	EndGlobalSection
	GlobalSection(NestedProjects) = preSolution
		{300CF378-B364-4854-AB1F-9576114360C9} = {D0EF5E0B-01FA-40BD-9C80-96B876D6ACA4}
		{B2DCE360-A3BB-4B03-80CF-FEDF454FE77F} = {D0EF5E0B-01FA-40BD-9C80-96B876D6ACA4}
		{6A46E490-D73F-45F9-B4DE-464DA7F8E638} = {D0EF5E0B-01FA-40BD-9C80-96B876D6ACA4}
		{1CBEE08B-38C2-41DD-94E0-A37831676120} = {D4D6A294-BCAF-4887-928F-B0224D898BF4}
		{ACC6C6F9-C716-4315-A63D-B62CBBD7F399} = {D4D6A294-BCAF-4887-928F-B0224D898BF4}
		{974556B3-1DC6-406D-9BF3-724220374168} = {D4D6A294-BCAF-4887-928F-B0224D898BF4}
		{18AEE94C-897D-42E7-9C3E-4903D91F4879} = {0320E4E3-019F-45AB-ACA3-B44B8D1E86FE}
		{6A4DF0E5-9991-4D49-BA78-718F137DE9DF} = {0320E4E3-019F-45AB-ACA3-B44B8D1E86FE}
		{F5D2DC44-649F-4150-98E8-19EB5EA4FD56} = {0320E4E3-019F-45AB-ACA3-B44B8D1E86FE}
		{BC2B8E31-D20A-42D6-968C-C533F1AE2EA7} = {C7FC6D14-91C2-465F-AA0E-1C779DD6EF2E}
		{6CFBC561-DD59-4EFE-81C9-20F498CEA1D2} = {C7FC6D14-91C2-465F-AA0E-1C779DD6EF2E}
		{B9DB37E8-3A38-49D2-8338-87FD40732DCD} = {C7FC6D14-91C2-465F-AA0E-1C779DD6EF2E}
		{51B0699D-D587-47E1-AB7F-B40FFE12F5F3} = {42A93CC2-2D97-47BC-BE46-DE42041DCE02}
		{FF33AB4F-0E47-4684-BF91-237B736C6236} = {42A93CC2-2D97-47BC-BE46-DE42041DCE02}
		{859A1832-2BF0-4DBD-BACD-3B41D323116D} = {42A93CC2-2D97-47BC-BE46-DE42041DCE02}
		{92C3F5DE-16A4-4AF5-9365-AB407EF12F0F} = {A77B5D06-A543-4433-BFF5-CA481A1F2B5E}
		{1BEA0B38-A947-477B-81E7-6CB2DC6411EF} = {A77B5D06-A543-4433-BFF5-CA481A1F2B5E}
		{CAE0259B-FA18-4E3E-A628-063F2B2B04ED} = {A77B5D06-A543-4433-BFF5-CA481A1F2B5E}
		{E24CD5E6-0263-4D54-8502-EA930F428E0C} = {DC757F1D-E0B8-47C4-BD9D-F768A3FCD79B}
		{3DB90CFC-EE35-416B-85A3-8D57C60766F9} = {DC757F1D-E0B8-47C4-BD9D-F768A3FCD79B}
		{D4AABAAB-2FBE-41C6-B073-A86E74F9856B} = {DC757F1D-E0B8-47C4-BD9D-F768A3FCD79B}
		{CEC33CAB-DFA6-48B4-A5F1-A47F96BC0797} = {E1FB7A47-F987-4F4B-820A-33755F52079A}
		{EE7D0CA1-15B8-487D-86C5-221DB9C3E40A} = {E1FB7A47-F987-4F4B-820A-33755F52079A}
		{7F81EFA4-20BA-4E57-AC2F-B75954678516} = {E1FB7A47-F987-4F4B-820A-33755F52079A}
	EndGlobalSection
EndGlobal
