
Microsoft Visual Studio Solution File, Format Version 12.00
# Visual Studio Version 17
VisualStudioVersion = 17.12.35514.174 d17.12
MinimumVisualStudioVersion = 10.0.40219.1
Project("{2150E333-8FDC-42A3-9474-1A3956D46DE8}") = "Task0", "Task0", "{D0EF5E0B-01FA-40BD-9C80-96B876D6ACA4}"
EndProject
Project("{FAE04EC0-301F-11D3-BF4B-00C04F79EFBC}") = "Tyuiu.VumaR.Sprint4.Task0.V23", "Tyuiu.VumaR.Sprint4.Task0.V23\Tyuiu.VumaR.Sprint4.Task0.V23.csproj", "{300CF378-B364-4854-AB1F-9576114360C9}"
EndProject
Project("{FAE04EC0-301F-11D3-BF4B-00C04F79EFBC}") = "Tyuiu.VumaR.Sprint4.Task0.V23.Lib", "Tyuiu.VumaR.Sprint4.Task0.V23.Lib\Tyuiu.VumaR.Sprint4.Task0.V23.Lib.csproj", "{B2DCE360-A3BB-4B03-80CF-FEDF454FE77F}"
EndProject
Project("{FAE04EC0-301F-11D3-BF4B-00C04F79EFBC}") = "Tyuiu.VumaR.Sprint4.Task0.V23.Test", "Tyuiu.VumaR.Sprint4.Task0.V23.Test\Tyuiu.VumaR.Sprint4.Task0.V23.Test.csproj", "{6A46E490-D73F-45F9-B4DE-464DA7F8E638}"
EndProject
Project("{2150E333-8FDC-42A3-9474-1A3956D46DE8}") = "Task1", "Task1", "{D4D6A294-BCAF-4887-928F-B0224D898BF4}"
EndProject
Project("{FAE04EC0-301F-11D3-BF4B-00C04F79EFBC}") = "Tyuiu.VumaR.Sprint4.Task1.V22", "Tyuiu.VumaR.Sprint4.Task1.V22\Tyuiu.VumaR.Sprint4.Task1.V22.csproj", "{1CBEE08B-38C2-41DD-94E0-A37831676120}"
EndProject
Project("{FAE04EC0-301F-11D3-BF4B-00C04F79EFBC}") = "Tyuiu.VumaR.Sprint4.Task1.V22.Lib", "Tyuiu.VumaR.Sprint4.Task1.V22.Lib\Tyuiu.VumaR.Sprint4.Task1.V22.Lib.csproj", "{ACC6C6F9-C716-4315-A63D-B62CBBD7F399}"
EndProject
Project("{FAE04EC0-301F-11D3-BF4B-00C04F79EFBC}") = "Tyuiu.VumaR.Sprint4.Task1.V22.Test", "Tyuiu.VumaR.Sprint4.Task1.V22.Test\Tyuiu.VumaR.Sprint4.Task1.V22.Test.csproj", "{974556B3-1DC6-406D-9BF3-724220374168}"
EndProject
Global
	GlobalSection(SolutionConfigurationPlatforms) = preSolution
		Debug|Any CPU = Debug|Any CPU
		Release|Any CPU = Release|Any CPU
	EndGlobalSection
	GlobalSection(ProjectConfigurationPlatforms) = postSolution
		{300CF378-B364-4854-AB1F-9576114360C9}.Debug|Any CPU.ActiveCfg = Debug|Any CPU
		{300CF378-B364-4854-AB1F-9576114360C9}.Debug|Any CPU.Build.0 = Debug|Any CPU
		{300CF378-B364-4854-AB1F-9576114360C9}.Release|Any CPU.ActiveCfg = Release|Any CPU
		{300CF378-B364-4854-AB1F-9576114360C9}.Release|Any CPU.Build.0 = Release|Any CPU
		{B2DCE360-A3BB-4B03-80CF-FEDF454FE77F}.Debug|Any CPU.ActiveCfg = Debug|Any CPU
		{B2DCE360-A3BB-4B03-80CF-FEDF454FE77F}.Debug|Any CPU.Build.0 = Debug|Any CPU
		{B2DCE360-A3BB-4B03-80CF-FEDF454FE77F}.Release|Any CPU.ActiveCfg = Release|Any CPU
		{B2DCE360-A3BB-4B03-80CF-FEDF454FE77F}.Release|Any CPU.Build.0 = Release|Any CPU
		{6A46E490-D73F-45F9-B4DE-464DA7F8E638}.Debug|Any CPU.ActiveCfg = Debug|Any CPU
		{6A46E490-D73F-45F9-B4DE-464DA7F8E638}.Debug|Any CPU.Build.0 = Debug|Any CPU
		{6A46E490-D73F-45F9-B4DE-464DA7F8E638}.Release|Any CPU.ActiveCfg = Release|Any CPU
		{6A46E490-D73F-45F9-B4DE-464DA7F8E638}.Release|Any CPU.Build.0 = Release|Any CPU
		{1CBEE08B-38C2-41DD-94E0-A37831676120}.Debug|Any CPU.ActiveCfg = Debug|Any CPU
		{1CBEE08B-38C2-41DD-94E0-A37831676120}.Debug|Any CPU.Build.0 = Debug|Any CPU
		{1CBEE08B-38C2-41DD-94E0-A37831676120}.Release|Any CPU.ActiveCfg = Release|Any CPU
		{1CBEE08B-38C2-41DD-94E0-A37831676120}.Release|Any CPU.Build.0 = Release|Any CPU
		{ACC6C6F9-C716-4315-A63D-B62CBBD7F399}.Debug|Any CPU.ActiveCfg = Debug|Any CPU
		{ACC6C6F9-C716-4315-A63D-B62CBBD7F399}.Debug|Any CPU.Build.0 = Debug|Any CPU
		{ACC6C6F9-C716-4315-A63D-B62CBBD7F399}.Release|Any CPU.ActiveCfg = Release|Any CPU
		{ACC6C6F9-C716-4315-A63D-B62CBBD7F399}.Release|Any CPU.Build.0 = Release|Any CPU
		{974556B3-1DC6-406D-9BF3-724220374168}.Debug|Any CPU.ActiveCfg = Debug|Any CPU
		{974556B3-1DC6-406D-9BF3-724220374168}.Debug|Any CPU.Build.0 = Debug|Any CPU
		{974556B3-1DC6-406D-9BF3-724220374168}.Release|Any CPU.ActiveCfg = Release|Any CPU
		{974556B3-1DC6-406D-9BF3-724220374168}.Release|Any CPU.Build.0 = Release|Any CPU
	EndGlobalSection
	GlobalSection(SolutionProperties) = preSolution
		HideSolutionNode = FALSE
	EndGlobalSection
	GlobalSection(NestedProjects) = preSolution
		{300CF378-B364-4854-AB1F-9576114360C9} = {D0EF5E0B-01FA-40BD-9C80-96B876D6ACA4}
		{B2DCE360-A3BB-4B03-80CF-FEDF454FE77F} = {D0EF5E0B-01FA-40BD-9C80-96B876D6ACA4}
		{6A46E490-D73F-45F9-B4DE-464DA7F8E638} = {D0EF5E0B-01FA-40BD-9C80-96B876D6ACA4}
		{1CBEE08B-38C2-41DD-94E0-A37831676120} = {D4D6A294-BCAF-4887-928F-B0224D898BF4}
		{ACC6C6F9-C716-4315-A63D-B62CBBD7F399} = {D4D6A294-BCAF-4887-928F-B0224D898BF4}
		{974556B3-1DC6-406D-9BF3-724220374168} = {D4D6A294-BCAF-4887-928F-B0224D898BF4}
	EndGlobalSection
EndGlobal
